
Microsoft Visual Studio Solution File, Format Version 12.00
# Visual Studio 15
VisualStudioVersion = 15.0.27428.2015
MinimumVisualStudioVersion = 10.0.40219.1
Project("{9A19103F-16F7-4668-BE54-9A1E7A4F7556}") = "Go.Logica", "Go.Logica\Go.Logica.csproj", "{8A752439-7ABC-4611-8C00-1224611437B4}"
EndProject
Project("{9A19103F-16F7-4668-BE54-9A1E7A4F7556}") = "Go.Logica.Tests", "Go.Logica.Tests\Go.Logica.Tests.csproj", "{E32B9EC6-F1F9-4BA0-AFC1-6C48DB86FF46}"
EndProject
Project("{9A19103F-16F7-4668-BE54-9A1E7A4F7556}") = "Go.API", "Go.API\Go.API.csproj", "{6CF9331D-B344-473A-AC8C-69F6885382E8}"
EndProject
Project("{9A19103F-16F7-4668-BE54-9A1E7A4F7556}") = "Go.Repositorio", "Go.Repositorio\Go.Repositorio.csproj", "{308F95DD-EF2D-457C-AB5E-FF8626430D76}"
EndProject
Project("{9A19103F-16F7-4668-BE54-9A1E7A4F7556}") = "Go.Entidades", "Go.Entidades\Go.Entidades.csproj", "{567E4406-431A-4247-BE0C-1B63D3467D5C}"
EndProject
Project("{FAE04EC0-301F-11D3-BF4B-00C04F79EFBC}") = "Go.Repositorio.Tests", "Go.Repositorio.Tests\Go.Repositorio.Tests.csproj", "{1AF09CBA-5405-4E9C-8090-600DD05DFBDC}"
EndProject
Project("{2150E333-8FDC-42A3-9474-1A3956D46DE8}") = "Tests", "Tests", "{A948EAE0-1EF6-4F9B-8D72-C17EAC6D9030}"
EndProject
Project("{FAE04EC0-301F-11D3-BF4B-00C04F79EFBC}") = "Tests.Extensiones", "Tests.Extensiones\Tests.Extensiones.csproj", "{20A3BFEF-0969-44B9-A407-2EBB06EC8905}"
EndProject
Global
	GlobalSection(SolutionConfigurationPlatforms) = preSolution
		Debug|Any CPU = Debug|Any CPU
		Release|Any CPU = Release|Any CPU
	EndGlobalSection
	GlobalSection(ProjectConfigurationPlatforms) = postSolution
		{8A752439-7ABC-4611-8C00-1224611437B4}.Debug|Any CPU.ActiveCfg = Debug|Any CPU
		{8A752439-7ABC-4611-8C00-1224611437B4}.Debug|Any CPU.Build.0 = Debug|Any CPU
		{8A752439-7ABC-4611-8C00-1224611437B4}.Release|Any CPU.ActiveCfg = Release|Any CPU
		{8A752439-7ABC-4611-8C00-1224611437B4}.Release|Any CPU.Build.0 = Release|Any CPU
		{E32B9EC6-F1F9-4BA0-AFC1-6C48DB86FF46}.Debug|Any CPU.ActiveCfg = Debug|Any CPU
		{E32B9EC6-F1F9-4BA0-AFC1-6C48DB86FF46}.Debug|Any CPU.Build.0 = Debug|Any CPU
		{E32B9EC6-F1F9-4BA0-AFC1-6C48DB86FF46}.Release|Any CPU.ActiveCfg = Release|Any CPU
		{E32B9EC6-F1F9-4BA0-AFC1-6C48DB86FF46}.Release|Any CPU.Build.0 = Release|Any CPU
		{6CF9331D-B344-473A-AC8C-69F6885382E8}.Debug|Any CPU.ActiveCfg = Debug|Any CPU
		{6CF9331D-B344-473A-AC8C-69F6885382E8}.Debug|Any CPU.Build.0 = Debug|Any CPU
		{6CF9331D-B344-473A-AC8C-69F6885382E8}.Release|Any CPU.ActiveCfg = Release|Any CPU
		{6CF9331D-B344-473A-AC8C-69F6885382E8}.Release|Any CPU.Build.0 = Release|Any CPU
		{308F95DD-EF2D-457C-AB5E-FF8626430D76}.Debug|Any CPU.ActiveCfg = Debug|Any CPU
		{308F95DD-EF2D-457C-AB5E-FF8626430D76}.Debug|Any CPU.Build.0 = Debug|Any CPU
		{308F95DD-EF2D-457C-AB5E-FF8626430D76}.Release|Any CPU.ActiveCfg = Release|Any CPU
		{308F95DD-EF2D-457C-AB5E-FF8626430D76}.Release|Any CPU.Build.0 = Release|Any CPU
		{567E4406-431A-4247-BE0C-1B63D3467D5C}.Debug|Any CPU.ActiveCfg = Debug|Any CPU
		{567E4406-431A-4247-BE0C-1B63D3467D5C}.Debug|Any CPU.Build.0 = Debug|Any CPU
		{567E4406-431A-4247-BE0C-1B63D3467D5C}.Release|Any CPU.ActiveCfg = Release|Any CPU
		{567E4406-431A-4247-BE0C-1B63D3467D5C}.Release|Any CPU.Build.0 = Release|Any CPU
		{1AF09CBA-5405-4E9C-8090-600DD05DFBDC}.Debug|Any CPU.ActiveCfg = Debug|Any CPU
		{1AF09CBA-5405-4E9C-8090-600DD05DFBDC}.Debug|Any CPU.Build.0 = Debug|Any CPU
		{1AF09CBA-5405-4E9C-8090-600DD05DFBDC}.Release|Any CPU.ActiveCfg = Release|Any CPU
		{1AF09CBA-5405-4E9C-8090-600DD05DFBDC}.Release|Any CPU.Build.0 = Release|Any CPU
		{20A3BFEF-0969-44B9-A407-2EBB06EC8905}.Debug|Any CPU.ActiveCfg = Debug|Any CPU
		{20A3BFEF-0969-44B9-A407-2EBB06EC8905}.Debug|Any CPU.Build.0 = Debug|Any CPU
		{20A3BFEF-0969-44B9-A407-2EBB06EC8905}.Release|Any CPU.ActiveCfg = Release|Any CPU
		{20A3BFEF-0969-44B9-A407-2EBB06EC8905}.Release|Any CPU.Build.0 = Release|Any CPU
	EndGlobalSection
	GlobalSection(SolutionProperties) = preSolution
		HideSolutionNode = FALSE
	EndGlobalSection
	GlobalSection(NestedProjects) = preSolution
		{E32B9EC6-F1F9-4BA0-AFC1-6C48DB86FF46} = {A948EAE0-1EF6-4F9B-8D72-C17EAC6D9030}
		{1AF09CBA-5405-4E9C-8090-600DD05DFBDC} = {A948EAE0-1EF6-4F9B-8D72-C17EAC6D9030}
		{20A3BFEF-0969-44B9-A407-2EBB06EC8905} = {A948EAE0-1EF6-4F9B-8D72-C17EAC6D9030}
	EndGlobalSection
	GlobalSection(ExtensibilityGlobals) = postSolution
		SolutionGuid = {FF0545ED-0509-4F1D-B8B6-F6F2D02EAB0D}
	EndGlobalSection
EndGlobal
